
Microsoft Visual Studio Solution File, Format Version 12.00
# Visual Studio Version 17
VisualStudioVersion = 17.5.002.0
MinimumVisualStudioVersion = 10.0.40219.1
Project("{9A19103F-16F7-4668-BE54-9A1E7A4F7556}") = "API", "API/API.csproj", "{6F63986C-024E-4781-8EF4-E36CA81D8E5F}"
EndProject
Project("{FAE04EC0-301F-11D3-BF4B-00C04F79EFBC}") = "Application", "Application\Application.csproj", "{1F1E94F8-188F-4BEE-8761-826AC1B872E1}"
EndProject
Project("{FAE04EC0-301F-11D3-BF4B-00C04F79EFBC}") = "Infrastructure", "Infrastructure\Infrastructure.csproj", "{0D371F58-9542-45D7-BD1F-50963F66A253}"
EndProject
Project("{FAE04EC0-301F-11D3-BF4B-00C04F79EFBC}") = "Persistence", "Persistence\Persistence.csproj", "{9C331F3D-40CE-47D8-BA2F-AF04396FEF46}"
EndProject
Project("{FAE04EC0-301F-11D3-BF4B-00C04F79EFBC}") = "Presentation", "Presentation\Presentation.csproj", "{6A5E8A89-861F-4DC6-B8B6-283630B5CF61}"
EndProject
Project("{FAE04EC0-301F-11D3-BF4B-00C04F79EFBC}") = "Domain", "Domain\Domain.csproj", "{C1424591-99D2-426E-8DFC-77439EDF0BF2}"
EndProject
Project("{2150E333-8FDC-42A3-9474-1A3956D46DE8}") = "Elementi di soluzione", "Elementi di soluzione", "{C27A0F05-6DDF-46CD-8AAE-1BAD68107580}"
	ProjectSection(SolutionItems) = preProject
		.gitignore = .gitignore
	EndProjectSection
EndProject
Global
	GlobalSection(SolutionConfigurationPlatforms) = preSolution
		Debug|Any CPU = Debug|Any CPU
		Release|Any CPU = Release|Any CPU
	EndGlobalSection
	GlobalSection(ProjectConfigurationPlatforms) = postSolution
		{6F63986C-024E-4781-8EF4-E36CA81D8E5F}.Debug|Any CPU.ActiveCfg = Debug|Any CPU
		{6F63986C-024E-4781-8EF4-E36CA81D8E5F}.Debug|Any CPU.Build.0 = Debug|Any CPU
		{6F63986C-024E-4781-8EF4-E36CA81D8E5F}.Release|Any CPU.ActiveCfg = Release|Any CPU
		{6F63986C-024E-4781-8EF4-E36CA81D8E5F}.Release|Any CPU.Build.0 = Release|Any CPU
		{1F1E94F8-188F-4BEE-8761-826AC1B872E1}.Debug|Any CPU.ActiveCfg = Debug|Any CPU
		{1F1E94F8-188F-4BEE-8761-826AC1B872E1}.Debug|Any CPU.Build.0 = Debug|Any CPU
		{1F1E94F8-188F-4BEE-8761-826AC1B872E1}.Release|Any CPU.ActiveCfg = Release|Any CPU
		{1F1E94F8-188F-4BEE-8761-826AC1B872E1}.Release|Any CPU.Build.0 = Release|Any CPU
		{0D371F58-9542-45D7-BD1F-50963F66A253}.Debug|Any CPU.ActiveCfg = Debug|Any CPU
		{0D371F58-9542-45D7-BD1F-50963F66A253}.Debug|Any CPU.Build.0 = Debug|Any CPU
		{0D371F58-9542-45D7-BD1F-50963F66A253}.Release|Any CPU.ActiveCfg = Release|Any CPU
		{0D371F58-9542-45D7-BD1F-50963F66A253}.Release|Any CPU.Build.0 = Release|Any CPU
		{9C331F3D-40CE-47D8-BA2F-AF04396FEF46}.Debug|Any CPU.ActiveCfg = Debug|Any CPU
		{9C331F3D-40CE-47D8-BA2F-AF04396FEF46}.Debug|Any CPU.Build.0 = Debug|Any CPU
		{9C331F3D-40CE-47D8-BA2F-AF04396FEF46}.Release|Any CPU.ActiveCfg = Release|Any CPU
		{9C331F3D-40CE-47D8-BA2F-AF04396FEF46}.Release|Any CPU.Build.0 = Release|Any CPU
		{6A5E8A89-861F-4DC6-B8B6-283630B5CF61}.Debug|Any CPU.ActiveCfg = Debug|Any CPU
		{6A5E8A89-861F-4DC6-B8B6-283630B5CF61}.Debug|Any CPU.Build.0 = Debug|Any CPU
		{6A5E8A89-861F-4DC6-B8B6-283630B5CF61}.Release|Any CPU.ActiveCfg = Release|Any CPU
		{6A5E8A89-861F-4DC6-B8B6-283630B5CF61}.Release|Any CPU.Build.0 = Release|Any CPU
		{C1424591-99D2-426E-8DFC-77439EDF0BF2}.Debug|Any CPU.ActiveCfg = Debug|Any CPU
		{C1424591-99D2-426E-8DFC-77439EDF0BF2}.Debug|Any CPU.Build.0 = Debug|Any CPU
		{C1424591-99D2-426E-8DFC-77439EDF0BF2}.Release|Any CPU.ActiveCfg = Release|Any CPU
		{C1424591-99D2-426E-8DFC-77439EDF0BF2}.Release|Any CPU.Build.0 = Release|Any CPU
	EndGlobalSection
	GlobalSection(SolutionProperties) = preSolution
		HideSolutionNode = FALSE
	EndGlobalSection
	GlobalSection(ExtensibilityGlobals) = postSolution
		SolutionGuid = {7E65146E-CFE3-4AE4-ACA8-DB6D7CC0754D}
	EndGlobalSection
EndGlobal
